
Microsoft Visual Studio Solution File, Format Version 12.00
# Visual Studio Version 17
VisualStudioVersion = 17.7.34018.315
MinimumVisualStudioVersion = 10.0.40219.1
Project("{FAE04EC0-301F-11D3-BF4B-00C04F79EFBC}") = "HelloWorld", "HelloWorld\HelloWorld.csproj", "{93A46779-4843-416E-8483-BFF409DDEEC5}"
EndProject
Global
	GlobalSection(SolutionConfigurationPlatforms) = preSolution
		Debug|Any CPU = Debug|Any CPU
		Release|Any CPU = Release|Any CPU
	EndGlobalSection
	GlobalSection(ProjectConfigurationPlatforms) = postSolution
		{93A46779-4843-416E-8483-BFF409DDEEC5}.Debug|Any CPU.ActiveCfg = Debug|Any CPU
		{93A46779-4843-416E-8483-BFF409DDEEC5}.Debug|Any CPU.Build.0 = Debug|Any CPU
		{93A46779-4843-416E-8483-BFF409DDEEC5}.Release|Any CPU.ActiveCfg = Release|Any CPU
		{93A46779-4843-416E-8483-BFF409DDEEC5}.Release|Any CPU.Build.0 = Release|Any CPU
	EndGlobalSection
	GlobalSection(SolutionProperties) = preSolution
		HideSolutionNode = FALSE
	EndGlobalSection
	GlobalSection(ExtensibilityGlobals) = postSolution
		SolutionGuid = {6EAFF131-2F75-4C9D-8ED3-DB968BCECD29}
	EndGlobalSection
EndGlobal
